{
  "name": "ai-memory-hub",
  "version": "0.1.0",
  "lockfileVersion": 3,
  "requires": true,
  "packages": {
    "": {
      "name": "ai-memory-hub",
      "version": "0.1.0",
      "license": "MIT",
      "bin": {
        "ai-memory-hub": "src/index.js",
        "amh": "src/index.js"
      },
      "engines": {
        "node": ">=18"
      }
    }
  }
}
